
Microsoft Visual Studio Solution File, Format Version 12.00
# Visual Studio 14
VisualStudioVersion = 14.0.25420.1
MinimumVisualStudioVersion = 10.0.40219.1
Project("{FAE04EC0-301F-11D3-BF4B-00C04F79EFBC}") = "CodeExamples", "CodeExamples\CodeExamples.csproj", "{EE24B8CB-7912-4B73-B619-6FE5B9E8EE0D}"
EndProject
Project("{FAE04EC0-301F-11D3-BF4B-00C04F79EFBC}") = "CodeExamplesTests", "CodeExamplesTests\CodeExamplesTests.csproj", "{B60F3C8A-EEC6-46AB-A75A-F66B3E73B0EA}"
EndProject
Global
	GlobalSection(SolutionConfigurationPlatforms) = preSolution
		Debug|Any CPU = Debug|Any CPU
		Release|Any CPU = Release|Any CPU
	EndGlobalSection
	GlobalSection(ProjectConfigurationPlatforms) = postSolution
		{EE24B8CB-7912-4B73-B619-6FE5B9E8EE0D}.Debug|Any CPU.ActiveCfg = Debug|Any CPU
		{EE24B8CB-7912-4B73-B619-6FE5B9E8EE0D}.Debug|Any CPU.Build.0 = Debug|Any CPU
		{EE24B8CB-7912-4B73-B619-6FE5B9E8EE0D}.Release|Any CPU.ActiveCfg = Release|Any CPU
		{EE24B8CB-7912-4B73-B619-6FE5B9E8EE0D}.Release|Any CPU.Build.0 = Release|Any CPU
		{B60F3C8A-EEC6-46AB-A75A-F66B3E73B0EA}.Debug|Any CPU.ActiveCfg = Debug|Any CPU
		{B60F3C8A-EEC6-46AB-A75A-F66B3E73B0EA}.Debug|Any CPU.Build.0 = Debug|Any CPU
		{B60F3C8A-EEC6-46AB-A75A-F66B3E73B0EA}.Release|Any CPU.ActiveCfg = Release|Any CPU
		{B60F3C8A-EEC6-46AB-A75A-F66B3E73B0EA}.Release|Any CPU.Build.0 = Release|Any CPU
	EndGlobalSection
	GlobalSection(SolutionProperties) = preSolution
		HideSolutionNode = FALSE
	EndGlobalSection
EndGlobal
